
Microsoft Visual Studio Solution File, Format Version 12.00
# Visual Studio Version 17
VisualStudioVersion = 17.0.31710.8
MinimumVisualStudioVersion = 10.0.40219.1
Project("{9A19103F-16F7-4668-BE54-9A1E7A4F7556}") = "PSQuickAssets", "PSQuickAssets\PSQuickAssets.csproj", "{8BBF0016-C213-416B-AE86-EBD047080556}"
EndProject
Project("{9A19103F-16F7-4668-BE54-9A1E7A4F7556}") = "PSQuickAssets.Tests", "PSQuickAssets.Tests\PSQuickAssets.Tests.csproj", "{CDBE8793-ECFF-4737-86A8-255A8E626A2B}"
EndProject
Project("{9A19103F-16F7-4668-BE54-9A1E7A4F7556}") = "PSQuickAssets.PSInterop", "PSQuickAssets.PSInterop\PSQuickAssets.PSInterop.csproj", "{84EF055D-901A-48B8-97EE-FF17E631D507}"
EndProject
Project("{2150E333-8FDC-42A3-9474-1A3956D46DE8}") = "Solution Items", "Solution Items", "{5D3835A2-7A83-4480-83FC-D4D2DD14A177}"
	ProjectSection(SolutionItems) = preProject
		.editorconfig = .editorconfig
		changelog.md = changelog.md
	EndProjectSection
EndProject
Project("{9A19103F-16F7-4668-BE54-9A1E7A4F7556}") = "LoadingSpinnerControl", "LoadingSpinnerControl\LoadingSpinnerControl.csproj", "{F105FED5-753F-4A4D-AE42-EDAC9DC9011C}"
EndProject
Project("{9A19103F-16F7-4668-BE54-9A1E7A4F7556}") = "PSQuickAssets.Assets", "PSQuickAssets.Assets\PSQuickAssets.Assets.csproj", "{8B0B115D-1D26-433F-AC2E-B7F0C592A0F3}"
EndProject
Global
	GlobalSection(SolutionConfigurationPlatforms) = preSolution
		Debug|Any CPU = Debug|Any CPU
		Release|Any CPU = Release|Any CPU
	EndGlobalSection
	GlobalSection(ProjectConfigurationPlatforms) = postSolution
		{8BBF0016-C213-416B-AE86-EBD047080556}.Debug|Any CPU.ActiveCfg = Debug|Any CPU
		{8BBF0016-C213-416B-AE86-EBD047080556}.Debug|Any CPU.Build.0 = Debug|Any CPU
		{8BBF0016-C213-416B-AE86-EBD047080556}.Release|Any CPU.ActiveCfg = Release|Any CPU
		{8BBF0016-C213-416B-AE86-EBD047080556}.Release|Any CPU.Build.0 = Release|Any CPU
		{CDBE8793-ECFF-4737-86A8-255A8E626A2B}.Debug|Any CPU.ActiveCfg = Debug|Any CPU
		{CDBE8793-ECFF-4737-86A8-255A8E626A2B}.Debug|Any CPU.Build.0 = Debug|Any CPU
		{CDBE8793-ECFF-4737-86A8-255A8E626A2B}.Release|Any CPU.ActiveCfg = Release|Any CPU
		{CDBE8793-ECFF-4737-86A8-255A8E626A2B}.Release|Any CPU.Build.0 = Release|Any CPU
		{84EF055D-901A-48B8-97EE-FF17E631D507}.Debug|Any CPU.ActiveCfg = Debug|Any CPU
		{84EF055D-901A-48B8-97EE-FF17E631D507}.Debug|Any CPU.Build.0 = Debug|Any CPU
		{84EF055D-901A-48B8-97EE-FF17E631D507}.Release|Any CPU.ActiveCfg = Release|Any CPU
		{84EF055D-901A-48B8-97EE-FF17E631D507}.Release|Any CPU.Build.0 = Release|Any CPU
		{F105FED5-753F-4A4D-AE42-EDAC9DC9011C}.Debug|Any CPU.ActiveCfg = Debug|Any CPU
		{F105FED5-753F-4A4D-AE42-EDAC9DC9011C}.Debug|Any CPU.Build.0 = Debug|Any CPU
		{F105FED5-753F-4A4D-AE42-EDAC9DC9011C}.Release|Any CPU.ActiveCfg = Release|Any CPU
		{F105FED5-753F-4A4D-AE42-EDAC9DC9011C}.Release|Any CPU.Build.0 = Release|Any CPU
		{8B0B115D-1D26-433F-AC2E-B7F0C592A0F3}.Debug|Any CPU.ActiveCfg = Debug|Any CPU
		{8B0B115D-1D26-433F-AC2E-B7F0C592A0F3}.Debug|Any CPU.Build.0 = Debug|Any CPU
		{8B0B115D-1D26-433F-AC2E-B7F0C592A0F3}.Release|Any CPU.ActiveCfg = Release|Any CPU
		{8B0B115D-1D26-433F-AC2E-B7F0C592A0F3}.Release|Any CPU.Build.0 = Release|Any CPU
	EndGlobalSection
	GlobalSection(SolutionProperties) = preSolution
		HideSolutionNode = FALSE
	EndGlobalSection
	GlobalSection(ExtensibilityGlobals) = postSolution
		SolutionGuid = {3F73868F-E628-430E-96DE-A7256B493E06}
	EndGlobalSection
EndGlobal
