
Microsoft Visual Studio Solution File, Format Version 12.00
# Visual Studio Version 16
VisualStudioVersion = 16.0.30717.126
MinimumVisualStudioVersion = 10.0.40219.1
Project("{FAE04EC0-301F-11D3-BF4B-00C04F79EFBC}") = "PSQuickAssets", "PSQuickAssets\PSQuickAssets.csproj", "{8BBF0016-C213-416B-AE86-EBD047080556}"
EndProject
Global
	GlobalSection(SolutionConfigurationPlatforms) = preSolution
		Debug|Any CPU = Debug|Any CPU
		Release|Any CPU = Release|Any CPU
	EndGlobalSection
	GlobalSection(ProjectConfigurationPlatforms) = postSolution
		{8BBF0016-C213-416B-AE86-EBD047080556}.Debug|Any CPU.ActiveCfg = Debug|Any CPU
		{8BBF0016-C213-416B-AE86-EBD047080556}.Debug|Any CPU.Build.0 = Debug|Any CPU
		{8BBF0016-C213-416B-AE86-EBD047080556}.Release|Any CPU.ActiveCfg = Release|Any CPU
		{8BBF0016-C213-416B-AE86-EBD047080556}.Release|Any CPU.Build.0 = Release|Any CPU
	EndGlobalSection
	GlobalSection(SolutionProperties) = preSolution
		HideSolutionNode = FALSE
	EndGlobalSection
	GlobalSection(ExtensibilityGlobals) = postSolution
		SolutionGuid = {3F73868F-E628-430E-96DE-A7256B493E06}
	EndGlobalSection
EndGlobal
